
Microsoft Visual Studio Solution File, Format Version 12.00
# Visual Studio Version 16
VisualStudioVersion = 25.0.1706.4
MinimumVisualStudioVersion = 10.0.40219.1
Project("{FAE04EC0-301F-11D3-BF4B-00C04F79EFBC}") = "OpenWeatherMapAPI", "OpenWeatherMapAPI\OpenWeatherMapAPI.csproj", "{E1E005CA-1115-4568-8D48-3D41A536D456}"
EndProject
Global
	GlobalSection(SolutionConfigurationPlatforms) = preSolution
		Debug|Any CPU = Debug|Any CPU
		Release|Any CPU = Release|Any CPU
	EndGlobalSection
	GlobalSection(ProjectConfigurationPlatforms) = postSolution
		{E1E005CA-1115-4568-8D48-3D41A536D456}.Debug|Any CPU.ActiveCfg = Debug|Any CPU
		{E1E005CA-1115-4568-8D48-3D41A536D456}.Debug|Any CPU.Build.0 = Debug|Any CPU
		{E1E005CA-1115-4568-8D48-3D41A536D456}.Release|Any CPU.ActiveCfg = Release|Any CPU
		{E1E005CA-1115-4568-8D48-3D41A536D456}.Release|Any CPU.Build.0 = Release|Any CPU
	EndGlobalSection
	GlobalSection(SolutionProperties) = preSolution
		HideSolutionNode = FALSE
	EndGlobalSection
	GlobalSection(ExtensibilityGlobals) = postSolution
		SolutionGuid = {4BFFEBDC-A3CF-44EB-9CB4-4855022BBA1B}
	EndGlobalSection
EndGlobal
